
Microsoft Visual Studio Solution File, Format Version 12.00
# Visual Studio Version 16
VisualStudioVersion = 16.0.29001.49
MinimumVisualStudioVersion = 10.0.40219.1
Project("{FAE04EC0-301F-11D3-BF4B-00C04F79EFBC}") = "StokTakibi", "StokTakibi.csproj", "{259C3CC2-6BBC-44FF-B753-3217A2EDE100}"
EndProject
Global
	GlobalSection(SolutionConfigurationPlatforms) = preSolution
		Debug|Any CPU = Debug|Any CPU
		Release|Any CPU = Release|Any CPU
	EndGlobalSection
	GlobalSection(ProjectConfigurationPlatforms) = postSolution
		{259C3CC2-6BBC-44FF-B753-3217A2EDE100}.Debug|Any CPU.ActiveCfg = Debug|Any CPU
		{259C3CC2-6BBC-44FF-B753-3217A2EDE100}.Debug|Any CPU.Build.0 = Debug|Any CPU
		{259C3CC2-6BBC-44FF-B753-3217A2EDE100}.Release|Any CPU.ActiveCfg = Release|Any CPU
		{259C3CC2-6BBC-44FF-B753-3217A2EDE100}.Release|Any CPU.Build.0 = Release|Any CPU
	EndGlobalSection
	GlobalSection(SolutionProperties) = preSolution
		HideSolutionNode = FALSE
	EndGlobalSection
	GlobalSection(ExtensibilityGlobals) = postSolution
		SolutionGuid = {6DAAFA89-F516-4A94-B15B-6AF3EB7EDF22}
	EndGlobalSection
EndGlobal
